
Microsoft Visual Studio Solution File, Format Version 12.00
# Visual Studio Version 17
VisualStudioVersion = 17.4.33103.184
MinimumVisualStudioVersion = 10.0.40219.1
Project("{FAE04EC0-301F-11D3-BF4B-00C04F79EFBC}") = "Зачётное задание", "Зачётное задание\Зачётное задание.csproj", "{EECAEC03-B320-4AB9-9AB6-77F5D4BA7B1F}"
EndProject
Global
	GlobalSection(SolutionConfigurationPlatforms) = preSolution
		Debug|Any CPU = Debug|Any CPU
		Release|Any CPU = Release|Any CPU
	EndGlobalSection
	GlobalSection(ProjectConfigurationPlatforms) = postSolution
		{EECAEC03-B320-4AB9-9AB6-77F5D4BA7B1F}.Debug|Any CPU.ActiveCfg = Debug|Any CPU
		{EECAEC03-B320-4AB9-9AB6-77F5D4BA7B1F}.Debug|Any CPU.Build.0 = Debug|Any CPU
		{EECAEC03-B320-4AB9-9AB6-77F5D4BA7B1F}.Release|Any CPU.ActiveCfg = Release|Any CPU
		{EECAEC03-B320-4AB9-9AB6-77F5D4BA7B1F}.Release|Any CPU.Build.0 = Release|Any CPU
	EndGlobalSection
	GlobalSection(SolutionProperties) = preSolution
		HideSolutionNode = FALSE
	EndGlobalSection
	GlobalSection(ExtensibilityGlobals) = postSolution
		SolutionGuid = {2BB4E46B-84D6-445C-B29E-8EE57632BA67}
	EndGlobalSection
EndGlobal
